
Microsoft Visual Studio Solution File, Format Version 12.00
# Visual Studio Version 16
VisualStudioVersion = 16.0.30104.148
MinimumVisualStudioVersion = 10.0.40219.1
Project("{9A19103F-16F7-4668-BE54-9A1E7A4F7556}") = "Regulations", "Regulations.csproj", "{861035F1-30FD-495A-A97D-4A9006198B19}"
EndProject
Project("{FAE04EC0-301F-11D3-BF4B-00C04F79EFBC}") = "Regulations.DAL", "..\Regulations.DAL\Regulations.DAL.csproj", "{82204C46-FE7D-469B-96AA-F4F6D4252228}"
EndProject
Global
	GlobalSection(SolutionConfigurationPlatforms) = preSolution
		Debug|Any CPU = Debug|Any CPU
		Release|Any CPU = Release|Any CPU
	EndGlobalSection
	GlobalSection(ProjectConfigurationPlatforms) = postSolution
		{861035F1-30FD-495A-A97D-4A9006198B19}.Debug|Any CPU.ActiveCfg = Debug|Any CPU
		{861035F1-30FD-495A-A97D-4A9006198B19}.Debug|Any CPU.Build.0 = Debug|Any CPU
		{861035F1-30FD-495A-A97D-4A9006198B19}.Release|Any CPU.ActiveCfg = Release|Any CPU
		{861035F1-30FD-495A-A97D-4A9006198B19}.Release|Any CPU.Build.0 = Release|Any CPU
		{82204C46-FE7D-469B-96AA-F4F6D4252228}.Debug|Any CPU.ActiveCfg = Debug|Any CPU
		{82204C46-FE7D-469B-96AA-F4F6D4252228}.Debug|Any CPU.Build.0 = Debug|Any CPU
		{82204C46-FE7D-469B-96AA-F4F6D4252228}.Release|Any CPU.ActiveCfg = Release|Any CPU
		{82204C46-FE7D-469B-96AA-F4F6D4252228}.Release|Any CPU.Build.0 = Release|Any CPU
	EndGlobalSection
	GlobalSection(SolutionProperties) = preSolution
		HideSolutionNode = FALSE
	EndGlobalSection
	GlobalSection(ExtensibilityGlobals) = postSolution
		SolutionGuid = {D5AA593B-4D7D-48FB-B1A1-A7FECBBAF554}
	EndGlobalSection
EndGlobal
